{
    "_meta": {
        "hash": {
            "sha256": "e2c23194c5b7d516d470b0a83942885a6988c1df596ff852a9bd07a5f81e539d"
        },
        "pipfile-spec": 6,
        "requires": {
            "python_version": "3.9"
        },
        "sources": [
            {
                "name": "pypi",
                "url": "https://pypi.org/simple",
                "verify_ssl": true
            }
        ]
    },
    "default": {
        "pyjwt": {
            "hashes": [
                "sha256:69285c7e31fc44f68a1feb309e948e0df53259d579295e6cfe2b1792329f05fd",
                "sha256:d83c3d892a77bbb74d3e1a2cfa90afaadb60945205d1095d9221f04466f64c14"
            ],
            "index": "pypi",
            "version": "==2.6.0"
        }
    },
    "develop": {}
}
