# THIS IS AN AUTOGENERATED FILE. DO NOT EDIT THIS FILE DIRECTLY.
# yarn lockfile v1


react-content-loader@^6.2.0:
  version "6.2.0"
  resolved "https://registry.yarnpkg.com/react-content-loader/-/react-content-loader-6.2.0.tgz#cd8fee8160b8fda6610d0c69ce5aee7b8094cba6"
  integrity sha512-r1dI6S+uHNLW68qraLE2njJYOuy6976PpCExuCZUcABWbfnF3FMcmuESRI8L4Bj45wnZ7n8g71hkPLzbma7/Cw==
