# THIS IS AN AUTOGENERATED FILE. DO NOT EDIT THIS FILE DIRECTLY.
# yarn lockfile v1


dayjs@^1.11.6:
  version "1.11.6"
  resolved "https://registry.yarnpkg.com/dayjs/-/dayjs-1.11.6.tgz#2e79a226314ec3ec904e3ee1dd5a4f5e5b1c7afb"
  integrity sha512-zZbY5giJAinCG+7AGaw0wIhNZ6J8AhWuSXKvuc1KAyMiRsvGQWqh4L+MomvhdAYjN+lqvVCMq1I41e3YHvXkyQ==
